lockfile_version: '1'
generated_at: '2026-06-11T17:55:54.838500+00:00'
apm_version: 0.19.0
dependencies:
- repo_url: danielstegeman/agent-framework-starter
  host: github.com
  resolved_commit: 29b734bd1371739971ddca04bc6d2c7db779e9d5
  package_type: apm_package
  deployed_files:
  - .agents/skills/agent-architecture-decisions
  - .agents/skills/agent-architecture-decisions/SKILL.md
  - .agents/skills/agent-evaluation-strategy
  - .agents/skills/agent-evaluation-strategy/SKILL.md
  - .agents/skills/agent-guardrails-safety
  - .agents/skills/agent-guardrails-safety/SKILL.md
  - .agents/skills/agent-infrastructure-overview
  - .agents/skills/agent-infrastructure-overview/SKILL.md
  - .agents/skills/agent-secrets-identity
  - .agents/skills/agent-secrets-identity/SKILL.md
  - .agents/skills/azure-container-apps-bicep
  - .agents/skills/azure-container-apps-bicep/SKILL.md
  - .agents/skills/azure-devops-pipelines-for-agents
  - .agents/skills/azure-devops-pipelines-for-agents/SKILL.md
  - .agents/skills/dotnet-agent-bootstrap
  - .agents/skills/dotnet-agent-bootstrap/SKILL.md
  - .agents/skills/dotnet-aspire-apphost
  - .agents/skills/dotnet-aspire-apphost/SKILL.md
  - .agents/skills/maf-csharp-implementation
  - .agents/skills/maf-csharp-implementation/SKILL.md
  - .github/agents/code-first-agent.agent.md
  deployed_file_hashes:
    .agents/skills/agent-architecture-decisions/SKILL.md: sha256:11571e5f04265656ef53ff9d5aaf8a3ab2645cf3a38209b8b808e809d8f4e30e
    .agents/skills/agent-evaluation-strategy/SKILL.md: sha256:c553e06fa356b6a063f28ec6da521230645ce2892a68ab8e99624684a42141e9
    .agents/skills/agent-guardrails-safety/SKILL.md: sha256:a393e2dbe7e299fe0e4be00a4288a1933f9f989a9d2937fb2ba6c7fec8af23c0
    .agents/skills/agent-infrastructure-overview/SKILL.md: sha256:1c10dae5bba1a5c70a44102d0a135b6d9250beb100dfd6015789a5bd0cce44c5
    .agents/skills/agent-secrets-identity/SKILL.md: sha256:a568c04077d091f6f36bea6090d160a99f17661056b74af8c146718bb1bdc3a0
    .agents/skills/azure-container-apps-bicep/SKILL.md: sha256:fac803a9e7403abe3ffc5cf8e58bab88fa9eef015c14bbe2cee32c3a8e418a2b
    .agents/skills/azure-devops-pipelines-for-agents/SKILL.md: sha256:2476bf16360c9204745534d99d334348a15a07edda97ac8bab9467a1a611fe6b
    .agents/skills/dotnet-agent-bootstrap/SKILL.md: sha256:fc440e7a618104aad6439346d98f5464dd6d392eaae576709ab9870da0c59b9d
    .agents/skills/dotnet-aspire-apphost/SKILL.md: sha256:1b3693416a99884af486c50adec648576aebca4a9d6967feb06956aeb75a09b6
    .agents/skills/maf-csharp-implementation/SKILL.md: sha256:50865dc85d8db9d1f24dc1e44b80182d0c8058364bb52e76af788dd7341a06df
    .github/agents/code-first-agent.agent.md: sha256:66c3800867b4129e20065145ff4ea678231be69f465aa71bf936983023b752fa
  content_hash: sha256:880553e3928bd2d2efbc6207443ee8d2ff5f97e59eefaf4856d0d36c1616e449
- repo_url: danielstegeman/agentic-library
  host: github.com
  resolved_commit: eae909c9b020db1dc0fecaaa253b2c37db3d391e
  package_type: apm_package
  content_hash: sha256:fe1c4aa458ea64e4230966fa9c58cac51442ff843df8f506ed711014f6d5094f
- repo_url: danielstegeman/agentic-library
  host: github.com
  resolved_commit: eae909c9b020db1dc0fecaaa253b2c37db3d391e
  virtual_path: agent-engineering
  is_virtual: true
  depth: 2
  resolved_by: danielstegeman/agentic-library
  package_type: skill_bundle
  deployed_files:
  - .agents/skills/agent-artifacts
  - .agents/skills/agent-artifacts/SKILL.md
  - .agents/skills/agent-artifacts/references/README-template.md
  - .agents/skills/agent-artifacts/references/init-agent-artifacts.ps1
  - .agents/skills/apm
  - .agents/skills/apm/SKILL.md
  - .agents/skills/copilot-docs-lookup
  - .agents/skills/copilot-docs-lookup/SKILL.md
  - .agents/skills/kiss
  - .agents/skills/kiss/SKILL.md
  - .agents/skills/logging-architecture-guidelines
  - .agents/skills/logging-architecture-guidelines/SKILL.md
  - .agents/skills/skill-creator
  - .agents/skills/skill-creator/LICENSE.txt
  - .agents/skills/skill-creator/SKILL.md
  - .agents/skills/skill-creator/agents/analyzer.md
  - .agents/skills/skill-creator/agents/comparator.md
  - .agents/skills/skill-creator/agents/grader.md
  - .agents/skills/skill-creator/assets/eval_review.html
  - .agents/skills/skill-creator/eval-viewer/generate_review.py
  - .agents/skills/skill-creator/eval-viewer/viewer.html
  - .agents/skills/skill-creator/references/schemas.md
  - .agents/skills/skill-creator/scripts/__init__.py
  - .agents/skills/skill-creator/scripts/__pycache__/__init__.cpython-313.pyc
  - .agents/skills/skill-creator/scripts/__pycache__/aggregate_benchmark.cpython-313.pyc
  - .agents/skills/skill-creator/scripts/aggregate_benchmark.py
  - .agents/skills/skill-creator/scripts/generate_report.py
  - .agents/skills/skill-creator/scripts/improve_description.py
  - .agents/skills/skill-creator/scripts/package_skill.py
  - .agents/skills/skill-creator/scripts/quick_validate.py
  - .agents/skills/skill-creator/scripts/run_eval.py
  - .agents/skills/skill-creator/scripts/run_loop.py
  - .agents/skills/skill-creator/scripts/utils.py
  - .agents/skills/wiki-search
  - .agents/skills/wiki-search/SKILL.md
  deployed_file_hashes:
    .agents/skills/agent-artifacts/SKILL.md: sha256:e97ed1b2774c979ee9ce6b2f3d2d79e999aaf7e19ea33b0836714c793fbed6bf
    .agents/skills/agent-artifacts/references/README-template.md: sha256:8264adb2afe359170a02a2171e896ecfd9b8e6055906a33dd910c6291de1142b
    .agents/skills/agent-artifacts/references/init-agent-artifacts.ps1: sha256:e66d8c2ae4d43af198acabbf5705ba92b3ce72a460847514c0f766c0b7e516b5
    .agents/skills/apm/SKILL.md: sha256:ac3b820ad889ce38e58eaa31d1d3bce04344dd2ce242ffc5c4ab21a1df3299a2
    .agents/skills/copilot-docs-lookup/SKILL.md: sha256:3ff8612f5987faaa9f7faf214e1fadf05255038f1101534cb8cd215005b9b574
    .agents/skills/kiss/SKILL.md: sha256:897c7ba99bc1f45150b1fbe623bdd657213d6ce73617298434c8f706bbc05e9b
    .agents/skills/logging-architecture-guidelines/SKILL.md: sha256:56dd51a6f73f7a0eb931de0eef3c99711e17df7488b77b79f53a5accd9119190
    .agents/skills/skill-creator/LICENSE.txt: sha256:58d1e17ffe5109a7ae296caafcadfdbe6a7d176f0bc4ab01e12a689b0499d8bd
    .agents/skills/skill-creator/SKILL.md: sha256:b77c3d742c46c5752eb2865bd0e229692edc35e464ec9bc1dd8bea7f69d6c34c
    .agents/skills/skill-creator/agents/analyzer.md: sha256:bf68f4cac5a56c673a928c2e6d619586c5b93ea364026ab37547772cb45a663a
    .agents/skills/skill-creator/agents/comparator.md: sha256:fe1fc9787c495d864c5d6eada47396478572325fde1b33a96d78bf4b849b7a3e
    .agents/skills/skill-creator/agents/grader.md: sha256:57134da0c1a4eea33fbd74a1c9c44aa814f07d6bc64de303edb586f941e5d21a
    .agents/skills/skill-creator/assets/eval_review.html: sha256:ce477dcc74dc1c0d1d3352646a79167b5a63634e936b1019160025065974e452
    .agents/skills/skill-creator/eval-viewer/generate_review.py: sha256:fc9d1b9243fe5ab6012ebd579bd76d0035de1b79fd3b969de114defab26478fb
    .agents/skills/skill-creator/eval-viewer/viewer.html: sha256:a53213426ee1100441d701a3a0d49cda7a842f992d2c36463f4d3cc0258575fa
    .agents/skills/skill-creator/references/schemas.md: sha256:8e8876180a8989b406a4d3edddf875b04cdfd5805cc8616686d552b11ce4455f
    .agents/skills/skill-creator/scripts/__init__.py: sha256:e3b0c44298fc1c149afbf4c8996fb92427ae41e4649b934ca495991b7852b855
    .agents/skills/skill-creator/scripts/__pycache__/__init__.cpython-313.pyc: sha256:7dc2bedf1739c980a50cafb4cb18df977030dba23a3a123d32374b387d3e934a
    .agents/skills/skill-creator/scripts/__pycache__/aggregate_benchmark.cpython-313.pyc: sha256:e276e22f1e4c16a9adb81e807a558e24bfcdd059ba447756a1b9deb00af997f6
    .agents/skills/skill-creator/scripts/aggregate_benchmark.py: sha256:123ef128ea5ccc01a4b1ac212ef5567f21e9c13d3d240609780beeb3200c49aa
    .agents/skills/skill-creator/scripts/generate_report.py: sha256:13df7118a3c50c83c4c3250a606d5f2b20b25a3d44cbc392b3d669ec75281453
    .agents/skills/skill-creator/scripts/improve_description.py: sha256:0dc43232db7ac6361775c894f4a1dbac958cb510c51a1230ff9e7fb30a74a7e8
    .agents/skills/skill-creator/scripts/package_skill.py: sha256:1a33059b0db1ef73375d46d513e5ea81369d2e8838c970597b0d52ddef8d1c0f
    .agents/skills/skill-creator/scripts/quick_validate.py: sha256:67cf5703402013936c8fb75ad6a1afecd8841d45cc5e606b634eb05825fde365
    .agents/skills/skill-creator/scripts/run_eval.py: sha256:43e3b8f80dbf69c343967ba77e268fae991d9fa3ed68b32a0ff02532cd48657f
    .agents/skills/skill-creator/scripts/run_loop.py: sha256:bafdb8e25c740813c735c54bf0489b9e87146da4cf697265927513c5430112d7
    .agents/skills/skill-creator/scripts/utils.py: sha256:3af8ae62c40c73ab712207436a0d9a981e845f25c5a7040229eb189cc8e45bb1
    .agents/skills/wiki-search/SKILL.md: sha256:0012347b3f302c523b69c03ecd50327fd34b6729e36c05d24d5b13d884472693
  content_hash: sha256:a6a7b72ba98cc11dc9732712e9bc9d12b664082c3f3956f96c921b06f7081380
- repo_url: danielstegeman/agentic-library
  host: github.com
  resolved_commit: eae909c9b020db1dc0fecaaa253b2c37db3d391e
  virtual_path: azure-devops
  is_virtual: true
  depth: 2
  resolved_by: danielstegeman/agentic-library
  package_type: skill_bundle
  deployed_files:
  - .agents/skills/azure-devops-pipeline-runner
  - .agents/skills/azure-devops-pipeline-runner/SKILL.md
  - .agents/skills/azure-devops-pipeline-runner/examples/run-config.example.yml
  - .agents/skills/azure-devops-pipeline-runner/scripts/Invoke-PipelineRun.ps1
  - .agents/skills/azure-devops-pipeline-runner/scripts/New-PipelineRunConfig.ps1
  - .agents/skills/azure-devops-pipeline-runner/scripts/PipelineRunner.psm1
  - .agents/skills/azure-devops-pr-context
  - .agents/skills/azure-devops-pr-context/Get-PrContext.ps1
  - .agents/skills/azure-devops-pr-context/README.md
  - .agents/skills/azure-devops-pr-context/SKILL.md
  - .agents/skills/azure-devops-url-dispatcher
  - .agents/skills/azure-devops-url-dispatcher/SKILL.md
  - .agents/skills/pr-review-assessment
  - .agents/skills/pr-review-assessment/Filter-PrThreads.ps1
  - .agents/skills/pr-review-assessment/SKILL.md
  - .agents/skills/pr-stacking
  - .agents/skills/pr-stacking/SKILL.md
  deployed_file_hashes:
    .agents/skills/azure-devops-pipeline-runner/SKILL.md: sha256:065dfd917826b68838733e46d67b1141b2855923dbc0fff19f65243d279ba952
    .agents/skills/azure-devops-pipeline-runner/examples/run-config.example.yml: sha256:71e78ffcdda0f62d85cd816a1cc0cea005516471105e63f37bfe184fad005be8
    .agents/skills/azure-devops-pipeline-runner/scripts/Invoke-PipelineRun.ps1: sha256:8763572002cd13754f54e3bf30f1f7fd90f74fcc2145421aca63f8d61eb5d20c
    .agents/skills/azure-devops-pipeline-runner/scripts/New-PipelineRunConfig.ps1: sha256:16af363b572b5b5e84a0afa4994cc9266013940a36403a2803e30d4d0bfd5d01
    .agents/skills/azure-devops-pipeline-runner/scripts/PipelineRunner.psm1: sha256:39b975b0158e32f80d2ea92c204bcb46c91bea372793a08766e9eacd2f3a18c4
    .agents/skills/azure-devops-pr-context/Get-PrContext.ps1: sha256:1dbc4902fc58d7974302357021b31e267e9be7cd00688c363c29f9cf2954b617
    .agents/skills/azure-devops-pr-context/README.md: sha256:ab6c1679b0f7d944ca9888489f8f0ae162036291803d4b2b154039f92ce2eac4
    .agents/skills/azure-devops-pr-context/SKILL.md: sha256:2ed86782ae56a237204215ce42dd5432e68ce699988650d551448ee20fb7dd72
    .agents/skills/azure-devops-url-dispatcher/SKILL.md: sha256:5c4075f403801c6ca1649396c47463e42b80ede2c45c6b98bc41f7ca509cdc4a
    .agents/skills/pr-review-assessment/Filter-PrThreads.ps1: sha256:67a1ff172ef20ee6ab7d416e4a486ebd996fe512642666e9f8ba42c181dfd820
    .agents/skills/pr-review-assessment/SKILL.md: sha256:3e7920d18b248704cbebd20290b185cff12dbbc6aa1de54fe9e53ab800621e0a
    .agents/skills/pr-stacking/SKILL.md: sha256:c863c9fa6db7e573b9a2f0873e6bedd8091ab83458ac7e1a9c21f549ad530828
  content_hash: sha256:009c27b8520eb201833a6e2fb57ef7219c1bd5d4a9cc6119e50b4189bcbe0013
- repo_url: danielstegeman/agentic-library
  host: github.com
  resolved_commit: eae909c9b020db1dc0fecaaa253b2c37db3d391e
  virtual_path: code-review
  is_virtual: true
  depth: 2
  resolved_by: danielstegeman/agentic-library
  package_type: skill_bundle
  deployed_files:
  - .agents/skills/defensive-coding-review
  - .agents/skills/defensive-coding-review/SKILL.md
  - .agents/skills/defensive-coding-review/evals/evals.json
  - .agents/skills/defensive-coding-review/evals/files/Copy-ArenaFiles.ps1
  - .agents/skills/defensive-coding-review/evals/files/Install-ArenaComponent.ps1
  - .agents/skills/infrastructure-review
  - .agents/skills/infrastructure-review/SKILL.md
  - .agents/skills/infrastructure-review/evals/evals.json
  - .agents/skills/module-architecture-review
  - .agents/skills/module-architecture-review/SKILL.md
  - .agents/skills/module-architecture-review/evals/evals.json
  - .agents/skills/module-architecture-review/evals/files/ATS.Configuration.psm1
  - .agents/skills/module-architecture-review/evals/files/ATS.Installation.psd1
  - .agents/skills/module-architecture-review/evals/files/ATS.Installation.psm1
  - .agents/skills/module-architecture-review/evals/files/ATS.Installation2.psm1
  - .agents/skills/pipeline-yaml-review
  - .agents/skills/pipeline-yaml-review/SKILL.md
  - .agents/skills/pipeline-yaml-review/evals/evals.json
  - .agents/skills/pipeline-yaml-review/evals/files/deploy-pipeline.yml
  - .agents/skills/pipeline-yaml-review/evals/files/multi-stage-pipeline.yml
  deployed_file_hashes:
    .agents/skills/defensive-coding-review/SKILL.md: sha256:05f02b302986190044ac6889696c4e9fe90b2b8990ec7a93a1a586dbe3ced1b1
    .agents/skills/defensive-coding-review/evals/evals.json: sha256:9f9d2324d346ceb83153e7a1aee16b30f22b9e0cb65aa900b93502ace8934781
    .agents/skills/defensive-coding-review/evals/files/Copy-ArenaFiles.ps1: sha256:8257e47eb6f50bc02be1cec6f1b65c31ecd31cbfc31c7f7f1780590d32e19b06
    .agents/skills/defensive-coding-review/evals/files/Install-ArenaComponent.ps1: sha256:3c63b0ad4df8e259982ef0a66ba07bb703a1a80c8849b779ea1ef79672e14022
    .agents/skills/infrastructure-review/SKILL.md: sha256:5c3171b41014e8427aba21cf777f319b3bbf4e7f0eef5efbd0a8f0a20dae0cac
    .agents/skills/infrastructure-review/evals/evals.json: sha256:7a0571d3d25c7186f7c0c0302acfbee4cd5844fdee63799d536a62edbf5734a9
    .agents/skills/module-architecture-review/SKILL.md: sha256:d2389a875eb33a23906061943a5b9fa7a8c88033c1adbf0d0dd981185087320f
    .agents/skills/module-architecture-review/evals/evals.json: sha256:2283b36899c8d46efece52e1f9a7621352048bff409e1833e15149655b753b6a
    .agents/skills/module-architecture-review/evals/files/ATS.Configuration.psm1: sha256:ff8f9034f3923cabece1935c6bea20c389eaaffcd0950f3906fd3d2dc7bb137f
    .agents/skills/module-architecture-review/evals/files/ATS.Installation.psd1: sha256:5b4871d52492bda14a273620e45e5ba853f45e99c2397cfe25717aca750352f2
    .agents/skills/module-architecture-review/evals/files/ATS.Installation.psm1: sha256:e372cdd45fca226df95137f5d507d8a317e4dd34758abee044bbec1166e43815
    .agents/skills/module-architecture-review/evals/files/ATS.Installation2.psm1: sha256:b1028a078b982829a99c79b7bf3b8bc21e06e93367da1b98e2688c3e94381f8f
    .agents/skills/pipeline-yaml-review/SKILL.md: sha256:57595fd6ee0e50312cb6902e241e18b99d505943d888e0be54768a58a47a5c5e
    .agents/skills/pipeline-yaml-review/evals/evals.json: sha256:e23ff0b398ba06e87376ae7efa056fd526648b03bf009f4861a7a19617c4e1fd
    .agents/skills/pipeline-yaml-review/evals/files/deploy-pipeline.yml: sha256:b162ba2ae39427a6280b8b5ba67b7cb9cbe485c5395057c8884dba4828c27084
    .agents/skills/pipeline-yaml-review/evals/files/multi-stage-pipeline.yml: sha256:8a5c98dc9045e16e500304d742421fa0f0f5c70c1ab629e6901b3d93c6643ad1
  content_hash: sha256:d184120ba3237229120aa73c175c034aec4b3c82fdda3e53979ee2895dfd08d0
- repo_url: danielstegeman/agentic-library
  host: github.com
  resolved_commit: eae909c9b020db1dc0fecaaa253b2c37db3d391e
  virtual_path: containers
  is_virtual: true
  depth: 2
  resolved_by: danielstegeman/agentic-library
  package_type: skill_bundle
  deployed_files:
  - .agents/skills/devcontainer
  - .agents/skills/devcontainer-compose
  - .agents/skills/devcontainer-compose/SKILL.md
  - .agents/skills/devcontainer-dockerfile
  - .agents/skills/devcontainer-dockerfile/SKILL.md
  - .agents/skills/devcontainer/SKILL.md
  - .agents/skills/devcontainer/references/features.md
  - .agents/skills/devcontainer/references/images.md
  - .agents/skills/devcontainer/scripts/Detect-ProjectStack.ps1
  deployed_file_hashes:
    .agents/skills/devcontainer-compose/SKILL.md: sha256:36297d6dbe14343d54bb04c7c4fdde1f5fece06afe5e08f8e20d304fabf865ad
    .agents/skills/devcontainer-dockerfile/SKILL.md: sha256:eece649eb81915a9f9bb6b70b76270bb96a2602c5f060c0cbc5d6feaeb8dc588
    .agents/skills/devcontainer/SKILL.md: sha256:1e1ba9e4bc7a415117019cf4a6f6ba3dfe77cc8f0479df41518ab89b95d908bd
    .agents/skills/devcontainer/references/features.md: sha256:29b42ba00d7df23289f5081838e748db287c8b72980ccddb40a3d7f14aad350b
    .agents/skills/devcontainer/references/images.md: sha256:1f285545149dfbb3b00ec1f93e5e45ba00b19780c82b6d631f4f4c8fb97fd097
    .agents/skills/devcontainer/scripts/Detect-ProjectStack.ps1: sha256:75e70637430168172ae8f3530c16933e6263f2b67ed7a2b2969a7b7a6ac4a05e
  content_hash: sha256:38aae2eb44211f46966935c12c0c6211efa4c0402f8e3ba2e032edb5bac3c89f
- repo_url: danielstegeman/agentic-library
  host: github.com
  resolved_commit: eae909c9b020db1dc0fecaaa253b2c37db3d391e
  virtual_path: git-tools
  is_virtual: true
  depth: 2
  resolved_by: danielstegeman/agentic-library
  package_type: skill_bundle
  deployed_files:
  - .agents/skills/git-commit
  - .agents/skills/git-commit/SKILL.md
  - .agents/skills/git-squash
  - .agents/skills/git-squash/SKILL.md
  - .agents/skills/git-worktree
  - .agents/skills/git-worktree/SKILL.md
  deployed_file_hashes:
    .agents/skills/git-commit/SKILL.md: sha256:f02ce8ffaf25c98ed9e47efa597a9788cab33329acd985aea960faf34b0d8186
    .agents/skills/git-squash/SKILL.md: sha256:dd000f276ee44d5d6f94b5e4e03233be75b1684d74e60821f391afe70cc78611
    .agents/skills/git-worktree/SKILL.md: sha256:66fb19e3ef181b5170effa6bad89a3848563979b3ec785090ab09f30bc559d90
  content_hash: sha256:4c0d9afe6b73815251defe436f80476c98bee239f73c245ccf6239114a6bb097
